
Microsoft Visual Studio Solution File, Format Version 12.00
# Visual Studio Version 17
VisualStudioVersion = 17.5.33502.453
MinimumVisualStudioVersion = 10.0.40219.1
Project("{FAE04EC0-301F-11D3-BF4B-00C04F79EFBC}") = "AirdropHunter", "AirdropHunter.csproj", "{88C231E8-FC03-41AB-8A82-E4DCB4E1986B}"
EndProject
Global
	GlobalSection(SolutionConfigurationPlatforms) = preSolution
		Debug|Any CPU = Debug|Any CPU
		Release|Any CPU = Release|Any CPU
	EndGlobalSection
	GlobalSection(ProjectConfigurationPlatforms) = postSolution
		{88C231E8-FC03-41AB-8A82-E4DCB4E1986B}.Debug|Any CPU.ActiveCfg = Debug|Any CPU
		{88C231E8-FC03-41AB-8A82-E4DCB4E1986B}.Debug|Any CPU.Build.0 = Debug|Any CPU
		{88C231E8-FC03-41AB-8A82-E4DCB4E1986B}.Release|Any CPU.ActiveCfg = Release|Any CPU
		{88C231E8-FC03-41AB-8A82-E4DCB4E1986B}.Release|Any CPU.Build.0 = Release|Any CPU
	EndGlobalSection
	GlobalSection(SolutionProperties) = preSolution
		HideSolutionNode = FALSE
	EndGlobalSection
	GlobalSection(ExtensibilityGlobals) = postSolution
		SolutionGuid = {3A933CF6-B165-43A3-8643-EDDA7C5C7EA7}
	EndGlobalSection
EndGlobal
